
Microsoft Visual Studio Solution File, Format Version 12.00
# Visual Studio Version 17
VisualStudioVersion = 17.13.35919.96 d17.13
MinimumVisualStudioVersion = 10.0.40219.1
Project("{FAE04EC0-301F-11D3-BF4B-00C04F79EFBC}") = "Drugstore_Task", "Drugstore_Task\Drugstore_Task.csproj", "{FFCDD2BA-34FA-45C8-9011-2E9CE307FEB7}"
EndProject
Global
	GlobalSection(SolutionConfigurationPlatforms) = preSolution
		Debug|Any CPU = Debug|Any CPU
		Release|Any CPU = Release|Any CPU
	EndGlobalSection
	GlobalSection(ProjectConfigurationPlatforms) = postSolution
		{FFCDD2BA-34FA-45C8-9011-2E9CE307FEB7}.Debug|Any CPU.ActiveCfg = Debug|Any CPU
		{FFCDD2BA-34FA-45C8-9011-2E9CE307FEB7}.Debug|Any CPU.Build.0 = Debug|Any CPU
		{FFCDD2BA-34FA-45C8-9011-2E9CE307FEB7}.Release|Any CPU.ActiveCfg = Release|Any CPU
		{FFCDD2BA-34FA-45C8-9011-2E9CE307FEB7}.Release|Any CPU.Build.0 = Release|Any CPU
	EndGlobalSection
	GlobalSection(SolutionProperties) = preSolution
		HideSolutionNode = FALSE
	EndGlobalSection
	GlobalSection(ExtensibilityGlobals) = postSolution
		SolutionGuid = {669A21A0-5C90-4699-BE50-10667738C03A}
	EndGlobalSection
EndGlobal
